// !$*UTF8*$!
{
	archiveVersion = 1;
	classes = {
	};
	objectVersion = 56;
	objects = {

/* Begin PBXBuildFile section */
		99DE583F2CBD3111003A615B /* RunClubApp.swift in Sources */ = {isa = PBXBuildFile; fileRef = 99DE583E2CBD3111003A615B /* RunClubApp.swift */; };
		99DE58412CBD3111003A615B /* ContentView.swift in Sources */ = {isa = PBXBuildFile; fileRef = 99DE58402CBD3111003A615B /* ContentView.swift */; };
		99DE58452CBD3113003A615B /* Assets.xcassets in Resources */ = {isa = PBXBuildFile; fileRef = 99DE58442CBD3113003A615B /* Assets.xcassets */; };
		99DE58482CBD3113003A615B /* Preview Assets.xcassets in Resources */ = {isa = PBXBuildFile; fileRef = 99DE58472CBD3113003A615B /* Preview Assets.xcassets */; };
		99DE58522CBD3113003A615B /* RunClubTests.swift in Sources */ = {isa = PBXBuildFile; fileRef = 99DE58512CBD3113003A615B /* RunClubTests.swift */; };
		99DE585C2CBD3113003A615B /* RunClubUITests.swift in Sources */ = {isa = PBXBuildFile; fileRef = 99DE585B2CBD3113003A615B /* RunClubUITests.swift */; };
		99DE585E2CBD3113003A615B /* RunClubUITestsLaunchTests.swift in Sources */ = {isa = PBXBuildFile; fileRef = 99DE585D2CBD3113003A615B /* RunClubUITestsLaunchTests.swift */; };
		99DE586B2CBD324C003A615B /* SignInView.swift in Sources */ = {isa = PBXBuildFile; fileRef = 99DE586A2CBD324C003A615B /* SignInView.swift */; };
		99DE586D2CBD3255003A615B /* SignUpView.swift in Sources */ = {isa = PBXBuildFile; fileRef = 99DE586C2CBD3255003A615B /* SignUpView.swift */; };
		99DE58702CBE8842003A615B /* MainView.swift in Sources */ = {isa = PBXBuildFile; fileRef = 99DE586F2CBE8842003A615B /* MainView.swift */; };
		99DE58722CBE8BB7003A615B /* PersonalView.swift in Sources */ = {isa = PBXBuildFile; fileRef = 99DE58712CBE8BB7003A615B /* PersonalView.swift */; };
		99DE58742CBE8C26003A615B /* Line.swift in Sources */ = {isa = PBXBuildFile; fileRef = 99DE58732CBE8C26003A615B /* Line.swift */; };
		99DE58762CBE8C74003A615B /* HomeView.swift in Sources */ = {isa = PBXBuildFile; fileRef = 99DE58752CBE8C74003A615B /* HomeView.swift */; };
		99DE58782CBE8C7B003A615B /* ClubList.swift in Sources */ = {isa = PBXBuildFile; fileRef = 99DE58772CBE8C7B003A615B /* ClubList.swift */; };
		99DE587A2CBF2AC0003A615B /* RunCard.swift in Sources */ = {isa = PBXBuildFile; fileRef = 99DE58792CBF2AC0003A615B /* RunCard.swift */; };
		99DE587C2CBF2D0F003A615B /* SearchView.swift in Sources */ = {isa = PBXBuildFile; fileRef = 99DE587B2CBF2D0F003A615B /* SearchView.swift */; };
		99DE587E2CBF2D40003A615B /* SearchViewModel.swift in Sources */ = {isa = PBXBuildFile; fileRef = 99DE587D2CBF2D40003A615B /* SearchViewModel.swift */; };
		99DE58802CBF2DE6003A615B /* SearchBar.swift in Sources */ = {isa = PBXBuildFile; fileRef = 99DE587F2CBF2DE6003A615B /* SearchBar.swift */; };
		99DE58822CBF2E31003A615B /* SearchResultsView.swift in Sources */ = {isa = PBXBuildFile; fileRef = 99DE58812CBF2E31003A615B /* SearchResultsView.swift */; };
		99DE58842CBF2EC1003A615B /* PostView.swift in Sources */ = {isa = PBXBuildFile; fileRef = 99DE58832CBF2EC1003A615B /* PostView.swift */; };
		99DE588B2CBF32C5003A615B /* ClubView.swift in Sources */ = {isa = PBXBuildFile; fileRef = 99DE588A2CBF32C5003A615B /* ClubView.swift */; };
		99DE588D2CBF3BF8003A615B /* ClubFeed.swift in Sources */ = {isa = PBXBuildFile; fileRef = 99DE588C2CBF3BF8003A615B /* ClubFeed.swift */; };
		99DE588F2CBF3C37003A615B /* EventView.swift in Sources */ = {isa = PBXBuildFile; fileRef = 99DE588E2CBF3C37003A615B /* EventView.swift */; };
		99DE58912CBF3C3E003A615B /* MembersView.swift in Sources */ = {isa = PBXBuildFile; fileRef = 99DE58902CBF3C3E003A615B /* MembersView.swift */; };
		99DE58932CBF45B6003A615B /* EventRow.swift in Sources */ = {isa = PBXBuildFile; fileRef = 99DE58922CBF45B6003A615B /* EventRow.swift */; };
		99DE58952CBF47AB003A615B /* MemberRow.swift in Sources */ = {isa = PBXBuildFile; fileRef = 99DE58942CBF47AB003A615B /* MemberRow.swift */; };
/* End PBXBuildFile section */

/* Begin PBXContainerItemProxy section */
		99DE584E2CBD3113003A615B /* PBXContainerItemProxy */ = {
			isa = PBXContainerItemProxy;
			containerPortal = 99DE58332CBD3111003A615B /* Project object */;
			proxyType = 1;
			remoteGlobalIDString = 99DE583A2CBD3111003A615B;
			remoteInfo = RunClub;
		};
		99DE58582CBD3113003A615B /* PBXContainerItemProxy */ = {
			isa = PBXContainerItemProxy;
			containerPortal = 99DE58332CBD3111003A615B /* Project object */;
			proxyType = 1;
			remoteGlobalIDString = 99DE583A2CBD3111003A615B;
			remoteInfo = RunClub;
		};
/* End PBXContainerItemProxy section */

/* Begin PBXFileReference section */
		99DE583B2CBD3111003A615B /* RunClub.app */ = {isa = PBXFileReference; explicitFileType = wrapper.application; includeInIndex = 0; path = RunClub.app; sourceTree = BUILT_PRODUCTS_DIR; };
		99DE583E2CBD3111003A615B /* RunClubApp.swift */ = {isa = PBXFileReference; lastKnownFileType = sourcecode.swift; path = RunClubApp.swift; sourceTree = "<group>"; };
		99DE58402CBD3111003A615B /* ContentView.swift */ = {isa = PBXFileReference; lastKnownFileType = sourcecode.swift; path = ContentView.swift; sourceTree = "<group>"; };
		99DE58442CBD3113003A615B /* Assets.xcassets */ = {isa = PBXFileReference; lastKnownFileType = folder.assetcatalog; path = Assets.xcassets; sourceTree = "<group>"; };
		99DE58472CBD3113003A615B /* Preview Assets.xcassets */ = {isa = PBXFileReference; lastKnownFileType = folder.assetcatalog; path = "Preview Assets.xcassets"; sourceTree = "<group>"; };
		99DE584D2CBD3113003A615B /* RunClubTests.xctest */ = {isa = PBXFileReference; explicitFileType = wrapper.cfbundle; includeInIndex = 0; path = RunClubTests.xctest; sourceTree = BUILT_PRODUCTS_DIR; };
		99DE58512CBD3113003A615B /* RunClubTests.swift */ = {isa = PBXFileReference; lastKnownFileType = sourcecode.swift; path = RunClubTests.swift; sourceTree = "<group>"; };
		99DE58572CBD3113003A615B /* RunClubUITests.xctest */ = {isa = PBXFileReference; explicitFileType = wrapper.cfbundle; includeInIndex = 0; path = RunClubUITests.xctest; sourceTree = BUILT_PRODUCTS_DIR; };
		99DE585B2CBD3113003A615B /* RunClubUITests.swift */ = {isa = PBXFileReference; lastKnownFileType = sourcecode.swift; path = RunClubUITests.swift; sourceTree = "<group>"; };
		99DE585D2CBD3113003A615B /* RunClubUITestsLaunchTests.swift */ = {isa = PBXFileReference; lastKnownFileType = sourcecode.swift; path = RunClubUITestsLaunchTests.swift; sourceTree = "<group>"; };
		99DE586A2CBD324C003A615B /* SignInView.swift */ = {isa = PBXFileReference; lastKnownFileType = sourcecode.swift; path = SignInView.swift; sourceTree = "<group>"; };
		99DE586C2CBD3255003A615B /* SignUpView.swift */ = {isa = PBXFileReference; lastKnownFileType = sourcecode.swift; path = SignUpView.swift; sourceTree = "<group>"; };
		99DE586F2CBE8842003A615B /* MainView.swift */ = {isa = PBXFileReference; lastKnownFileType = sourcecode.swift; path = MainView.swift; sourceTree = "<group>"; };
		99DE58712CBE8BB7003A615B /* PersonalView.swift */ = {isa = PBXFileReference; lastKnownFileType = sourcecode.swift; path = PersonalView.swift; sourceTree = "<group>"; };
		99DE58732CBE8C26003A615B /* Line.swift */ = {isa = PBXFileReference; lastKnownFileType = sourcecode.swift; path = Line.swift; sourceTree = "<group>"; };
		99DE58752CBE8C74003A615B /* HomeView.swift */ = {isa = PBXFileReference; lastKnownFileType = sourcecode.swift; path = HomeView.swift; sourceTree = "<group>"; };
		99DE58772CBE8C7B003A615B /* ClubList.swift */ = {isa = PBXFileReference; lastKnownFileType = sourcecode.swift; path = ClubList.swift; sourceTree = "<group>"; };
		99DE58792CBF2AC0003A615B /* RunCard.swift */ = {isa = PBXFileReference; lastKnownFileType = sourcecode.swift; path = RunCard.swift; sourceTree = "<group>"; };
		99DE587B2CBF2D0F003A615B /* SearchView.swift */ = {isa = PBXFileReference; lastKnownFileType = sourcecode.swift; path = SearchView.swift; sourceTree = "<group>"; };
		99DE587D2CBF2D40003A615B /* SearchViewModel.swift */ = {isa = PBXFileReference; lastKnownFileType = sourcecode.swift; path = SearchViewModel.swift; sourceTree = "<group>"; };
		99DE587F2CBF2DE6003A615B /* SearchBar.swift */ = {isa = PBXFileReference; lastKnownFileType = sourcecode.swift; path = SearchBar.swift; sourceTree = "<group>"; };
		99DE58812CBF2E31003A615B /* SearchResultsView.swift */ = {isa = PBXFileReference; lastKnownFileType = sourcecode.swift; path = SearchResultsView.swift; sourceTree = "<group>"; };
		99DE58832CBF2EC1003A615B /* PostView.swift */ = {isa = PBXFileReference; lastKnownFileType = sourcecode.swift; path = PostView.swift; sourceTree = "<group>"; };
		99DE588A2CBF32C5003A615B /* ClubView.swift */ = {isa = PBXFileReference; lastKnownFileType = sourcecode.swift; path = ClubView.swift; sourceTree = "<group>"; };
		99DE588C2CBF3BF8003A615B /* ClubFeed.swift */ = {isa = PBXFileReference; lastKnownFileType = sourcecode.swift; path = ClubFeed.swift; sourceTree = "<group>"; };
		99DE588E2CBF3C37003A615B /* EventView.swift */ = {isa = PBXFileReference; lastKnownFileType = sourcecode.swift; path = EventView.swift; sourceTree = "<group>"; };
		99DE58902CBF3C3E003A615B /* MembersView.swift */ = {isa = PBXFileReference; lastKnownFileType = sourcecode.swift; path = MembersView.swift; sourceTree = "<group>"; };
		99DE58922CBF45B6003A615B /* EventRow.swift */ = {isa = PBXFileReference; lastKnownFileType = sourcecode.swift; path = EventRow.swift; sourceTree = "<group>"; };
		99DE58942CBF47AB003A615B /* MemberRow.swift */ = {isa = PBXFileReference; lastKnownFileType = sourcecode.swift; path = MemberRow.swift; sourceTree = "<group>"; };
/* End PBXFileReference section */

/* Begin PBXFrameworksBuildPhase section */
		99DE58382CBD3111003A615B /* Frameworks */ = {
			isa = PBXFrameworksBuildPhase;
			buildActionMask = 2147483647;
			files = (
			);
			runOnlyForDeploymentPostprocessing = 0;
		};
		99DE584A2CBD3113003A615B /* Frameworks */ = {
			isa = PBXFrameworksBuildPhase;
			buildActionMask = 2147483647;
			files = (
			);
			runOnlyForDeploymentPostprocessing = 0;
		};
		99DE58542CBD3113003A615B /* Frameworks */ = {
			isa = PBXFrameworksBuildPhase;
			buildActionMask = 2147483647;
			files = (
			);
			runOnlyForDeploymentPostprocessing = 0;
		};
/* End PBXFrameworksBuildPhase section */

/* Begin PBXGroup section */
		99DE58322CBD3111003A615B = {
			isa = PBXGroup;
			children = (
				99DE583D2CBD3111003A615B /* RunClub */,
				99DE58502CBD3113003A615B /* RunClubTests */,
				99DE585A2CBD3113003A615B /* RunClubUITests */,
				99DE583C2CBD3111003A615B /* Products */,
			);
			sourceTree = "<group>";
		};
		99DE583C2CBD3111003A615B /* Products */ = {
			isa = PBXGroup;
			children = (
				99DE583B2CBD3111003A615B /* RunClub.app */,
				99DE584D2CBD3113003A615B /* RunClubTests.xctest */,
				99DE58572CBD3113003A615B /* RunClubUITests.xctest */,
			);
			name = Products;
			sourceTree = "<group>";
		};
		99DE583D2CBD3111003A615B /* RunClub */ = {
			isa = PBXGroup;
			children = (
				99DE583E2CBD3111003A615B /* RunClubApp.swift */,
				99DE586E2CBE8833003A615B /* Views */,
				99DE58442CBD3113003A615B /* Assets.xcassets */,
				99DE58462CBD3113003A615B /* Preview Content */,
			);
			path = RunClub;
			sourceTree = "<group>";
		};
		99DE58462CBD3113003A615B /* Preview Content */ = {
			isa = PBXGroup;
			children = (
				99DE58472CBD3113003A615B /* Preview Assets.xcassets */,
			);
			path = "Preview Content";
			sourceTree = "<group>";
		};
		99DE58502CBD3113003A615B /* RunClubTests */ = {
			isa = PBXGroup;
			children = (
				99DE58512CBD3113003A615B /* RunClubTests.swift */,
			);
			path = RunClubTests;
			sourceTree = "<group>";
		};
		99DE585A2CBD3113003A615B /* RunClubUITests */ = {
			isa = PBXGroup;
			children = (
				99DE585B2CBD3113003A615B /* RunClubUITests.swift */,
				99DE585D2CBD3113003A615B /* RunClubUITestsLaunchTests.swift */,
			);
			path = RunClubUITests;
			sourceTree = "<group>";
		};
		99DE586E2CBE8833003A615B /* Views */ = {
			isa = PBXGroup;
			children = (
				99DE586F2CBE8842003A615B /* MainView.swift */,
				99DE58732CBE8C26003A615B /* Line.swift */,
				99DE58852CBF2ED1003A615B /* Authentication */,
				99DE58872CBF2EFC003A615B /* Personal */,
				99DE58882CBF2F0F003A615B /* Home */,
				99DE58862CBF2EEB003A615B /* Search */,
				99DE58892CBF2F25003A615B /* Clubs */,
				99DE587D2CBF2D40003A615B /* SearchViewModel.swift */,
			);
			path = Views;
			sourceTree = "<group>";
		};
		99DE58852CBF2ED1003A615B /* Authentication */ = {
			isa = PBXGroup;
			children = (
				99DE58402CBD3111003A615B /* ContentView.swift */,
				99DE586A2CBD324C003A615B /* SignInView.swift */,
				99DE586C2CBD3255003A615B /* SignUpView.swift */,
			);
			path = Authentication;
			sourceTree = "<group>";
		};
		99DE58862CBF2EEB003A615B /* Search */ = {
			isa = PBXGroup;
			children = (
				99DE587B2CBF2D0F003A615B /* SearchView.swift */,
				99DE58812CBF2E31003A615B /* SearchResultsView.swift */,
				99DE587F2CBF2DE6003A615B /* SearchBar.swift */,
			);
			path = Search;
			sourceTree = "<group>";
		};
		99DE58872CBF2EFC003A615B /* Personal */ = {
			isa = PBXGroup;
			children = (
				99DE58712CBE8BB7003A615B /* PersonalView.swift */,
				99DE58792CBF2AC0003A615B /* RunCard.swift */,
			);
			path = Personal;
			sourceTree = "<group>";
		};
		99DE58882CBF2F0F003A615B /* Home */ = {
			isa = PBXGroup;
			children = (
				99DE58752CBE8C74003A615B /* HomeView.swift */,
				99DE58832CBF2EC1003A615B /* PostView.swift */,
			);
			path = Home;
			sourceTree = "<group>";
		};
		99DE58892CBF2F25003A615B /* Clubs */ = {
			isa = PBXGroup;
			children = (
				99DE58772CBE8C7B003A615B /* ClubList.swift */,
				99DE588A2CBF32C5003A615B /* ClubView.swift */,
				99DE588C2CBF3BF8003A615B /* ClubFeed.swift */,
				99DE588E2CBF3C37003A615B /* EventView.swift */,
				99DE58922CBF45B6003A615B /* EventRow.swift */,
				99DE58902CBF3C3E003A615B /* MembersView.swift */,
				99DE58942CBF47AB003A615B /* MemberRow.swift */,
			);
			path = Clubs;
			sourceTree = "<group>";
		};
/* End PBXGroup section */

/* Begin PBXNativeTarget section */
		99DE583A2CBD3111003A615B /* RunClub */ = {
			isa = PBXNativeTarget;
			buildConfigurationList = 99DE58612CBD3113003A615B /* Build configuration list for PBXNativeTarget "RunClub" */;
			buildPhases = (
				99DE58372CBD3111003A615B /* Sources */,
				99DE58382CBD3111003A615B /* Frameworks */,
				99DE58392CBD3111003A615B /* Resources */,
			);
			buildRules = (
			);
			dependencies = (
			);
			name = RunClub;
			productName = RunClub;
			productReference = 99DE583B2CBD3111003A615B /* RunClub.app */;
			productType = "com.apple.product-type.application";
		};
		99DE584C2CBD3113003A615B /* RunClubTests */ = {
			isa = PBXNativeTarget;
			buildConfigurationList = 99DE58642CBD3113003A615B /* Build configuration list for PBXNativeTarget "RunClubTests" */;
			buildPhases = (
				99DE58492CBD3113003A615B /* Sources */,
				99DE584A2CBD3113003A615B /* Frameworks */,
				99DE584B2CBD3113003A615B /* Resources */,
			);
			buildRules = (
			);
			dependencies = (
				99DE584F2CBD3113003A615B /* PBXTargetDependency */,
			);
			name = RunClubTests;
			productName = RunClubTests;
			productReference = 99DE584D2CBD3113003A615B /* RunClubTests.xctest */;
			productType = "com.apple.product-type.bundle.unit-test";
		};
		99DE58562CBD3113003A615B /* RunClubUITests */ = {
			isa = PBXNativeTarget;
			buildConfigurationList = 99DE58672CBD3113003A615B /* Build configuration list for PBXNativeTarget "RunClubUITests" */;
			buildPhases = (
				99DE58532CBD3113003A615B /* Sources */,
				99DE58542CBD3113003A615B /* Frameworks */,
				99DE58552CBD3113003A615B /* Resources */,
			);
			buildRules = (
			);
			dependencies = (
				99DE58592CBD3113003A615B /* PBXTargetDependency */,
			);
			name = RunClubUITests;
			productName = RunClubUITests;
			productReference = 99DE58572CBD3113003A615B /* RunClubUITests.xctest */;
			productType = "com.apple.product-type.bundle.ui-testing";
		};
/* End PBXNativeTarget section */

/* Begin PBXProject section */
		99DE58332CBD3111003A615B /* Project object */ = {
			isa = PBXProject;
			attributes = {
				BuildIndependentTargetsInParallel = 1;
				LastSwiftUpdateCheck = 1530;
				LastUpgradeCheck = 1530;
				TargetAttributes = {
					99DE583A2CBD3111003A615B = {
						CreatedOnToolsVersion = 15.3;
					};
					99DE584C2CBD3113003A615B = {
						CreatedOnToolsVersion = 15.3;
						TestTargetID = 99DE583A2CBD3111003A615B;
					};
					99DE58562CBD3113003A615B = {
						CreatedOnToolsVersion = 15.3;
						TestTargetID = 99DE583A2CBD3111003A615B;
					};
				};
			};
			buildConfigurationList = 99DE58362CBD3111003A615B /* Build configuration list for PBXProject "RunClub" */;
			compatibilityVersion = "Xcode 14.0";
			developmentRegion = en;
			hasScannedForEncodings = 0;
			knownRegions = (
				en,
				Base,
			);
			mainGroup = 99DE58322CBD3111003A615B;
			productRefGroup = 99DE583C2CBD3111003A615B /* Products */;
			projectDirPath = "";
			projectRoot = "";
			targets = (
				99DE583A2CBD3111003A615B /* RunClub */,
				99DE584C2CBD3113003A615B /* RunClubTests */,
				99DE58562CBD3113003A615B /* RunClubUITests */,
			);
		};
/* End PBXProject section */

/* Begin PBXResourcesBuildPhase section */
		99DE58392CBD3111003A615B /* Resources */ = {
			isa = PBXResourcesBuildPhase;
			buildActionMask = 2147483647;
			files = (
				99DE58482CBD3113003A615B /* Preview Assets.xcassets in Resources */,
				99DE58452CBD3113003A615B /* Assets.xcassets in Resources */,
			);
			runOnlyForDeploymentPostprocessing = 0;
		};
		99DE584B2CBD3113003A615B /* Resources */ = {
			isa = PBXResourcesBuildPhase;
			buildActionMask = 2147483647;
			files = (
			);
			runOnlyForDeploymentPostprocessing = 0;
		};
		99DE58552CBD3113003A615B /* Resources */ = {
			isa = PBXResourcesBuildPhase;
			buildActionMask = 2147483647;
			files = (
			);
			runOnlyForDeploymentPostprocessing = 0;
		};
/* End PBXResourcesBuildPhase section */

/* Begin PBXSourcesBuildPhase section */
		99DE58372CBD3111003A615B /* Sources */ = {
			isa = PBXSourcesBuildPhase;
			buildActionMask = 2147483647;
			files = (
				99DE58802CBF2DE6003A615B /* SearchBar.swift in Sources */,
				99DE58722CBE8BB7003A615B /* PersonalView.swift in Sources */,
				99DE58412CBD3111003A615B /* ContentView.swift in Sources */,
				99DE588F2CBF3C37003A615B /* EventView.swift in Sources */,
				99DE586D2CBD3255003A615B /* SignUpView.swift in Sources */,
				99DE588D2CBF3BF8003A615B /* ClubFeed.swift in Sources */,
				99DE587A2CBF2AC0003A615B /* RunCard.swift in Sources */,
				99DE58932CBF45B6003A615B /* EventRow.swift in Sources */,
				99DE58782CBE8C7B003A615B /* ClubList.swift in Sources */,
				99DE586B2CBD324C003A615B /* SignInView.swift in Sources */,
				99DE587E2CBF2D40003A615B /* SearchViewModel.swift in Sources */,
				99DE58702CBE8842003A615B /* MainView.swift in Sources */,
				99DE58952CBF47AB003A615B /* MemberRow.swift in Sources */,
				99DE58822CBF2E31003A615B /* SearchResultsView.swift in Sources */,
				99DE588B2CBF32C5003A615B /* ClubView.swift in Sources */,
				99DE58762CBE8C74003A615B /* HomeView.swift in Sources */,
				99DE58742CBE8C26003A615B /* Line.swift in Sources */,
				99DE583F2CBD3111003A615B /* RunClubApp.swift in Sources */,
				99DE58842CBF2EC1003A615B /* PostView.swift in Sources */,
				99DE587C2CBF2D0F003A615B /* SearchView.swift in Sources */,
				99DE58912CBF3C3E003A615B /* MembersView.swift in Sources */,
			);
			runOnlyForDeploymentPostprocessing = 0;
		};
		99DE58492CBD3113003A615B /* Sources */ = {
			isa = PBXSourcesBuildPhase;
			buildActionMask = 2147483647;
			files = (
				99DE58522CBD3113003A615B /* RunClubTests.swift in Sources */,
			);
			runOnlyForDeploymentPostprocessing = 0;
		};
		99DE58532CBD3113003A615B /* Sources */ = {
			isa = PBXSourcesBuildPhase;
			buildActionMask = 2147483647;
			files = (
				99DE585E2CBD3113003A615B /* RunClubUITestsLaunchTests.swift in Sources */,
				99DE585C2CBD3113003A615B /* RunClubUITests.swift in Sources */,
			);
			runOnlyForDeploymentPostprocessing = 0;
		};
/* End PBXSourcesBuildPhase section */

/* Begin PBXTargetDependency section */
		99DE584F2CBD3113003A615B /* PBXTargetDependency */ = {
			isa = PBXTargetDependency;
			target = 99DE583A2CBD3111003A615B /* RunClub */;
			targetProxy = 99DE584E2CBD3113003A615B /* PBXContainerItemProxy */;
		};
		99DE58592CBD3113003A615B /* PBXTargetDependency */ = {
			isa = PBXTargetDependency;
			target = 99DE583A2CBD3111003A615B /* RunClub */;
			targetProxy = 99DE58582CBD3113003A615B /* PBXContainerItemProxy */;
		};
/* End PBXTargetDependency section */

/* Begin XCBuildConfiguration section */
		99DE585F2CBD3113003A615B /* Debug */ = {
			isa = XCBuildConfiguration;
			buildSettings = {
				ALWAYS_SEARCH_USER_PATHS = NO;
				ASSETCATALOG_COMPILER_GENERATE_SWIFT_ASSET_SYMBOL_EXTENSIONS = YES;
				CLANG_ANALYZER_NONNULL = YES;
				CLANG_ANALYZER_NUMBER_OBJECT_CONVERSION = YES_AGGRESSIVE;
				CLANG_CXX_LANGUAGE_STANDARD = "gnu++20";
				CLANG_ENABLE_MODULES = YES;
				CLANG_ENABLE_OBJC_ARC = YES;
				CLANG_ENABLE_OBJC_WEAK = YES;
				CLANG_WARN_BLOCK_CAPTURE_AUTORELEASING = YES;
				CLANG_WARN_BOOL_CONVERSION = YES;
				CLANG_WARN_COMMA = YES;
				CLANG_WARN_CONSTANT_CONVERSION = YES;
				CLANG_WARN_DEPRECATED_OBJC_IMPLEMENTATIONS = YES;
				CLANG_WARN_DIRECT_OBJC_ISA_USAGE = YES_ERROR;
				CLANG_WARN_DOCUMENTATION_COMMENTS = YES;
				CLANG_WARN_EMPTY_BODY = YES;
				CLANG_WARN_ENUM_CONVERSION = YES;
				CLANG_WARN_INFINITE_RECURSION = YES;
				CLANG_WARN_INT_CONVERSION = YES;
				CLANG_WARN_NON_LITERAL_NULL_CONVERSION = YES;
				CLANG_WARN_OBJC_IMPLICIT_RETAIN_SELF = YES;
				CLANG_WARN_OBJC_LITERAL_CONVERSION = YES;
				CLANG_WARN_OBJC_ROOT_CLASS = YES_ERROR;
				CLANG_WARN_QUOTED_INCLUDE_IN_FRAMEWORK_HEADER = YES;
				CLANG_WARN_RANGE_LOOP_ANALYSIS = YES;
				CLANG_WARN_STRICT_PROTOTYPES = YES;
				CLANG_WARN_SUSPICIOUS_MOVE = YES;
				CLANG_WARN_UNGUARDED_AVAILABILITY = YES_AGGRESSIVE;
				CLANG_WARN_UNREACHABLE_CODE = YES;
				CLANG_WARN__DUPLICATE_METHOD_MATCH = YES;
				COPY_PHASE_STRIP = NO;
				DEBUG_INFORMATION_FORMAT = dwarf;
				ENABLE_STRICT_OBJC_MSGSEND = YES;
				ENABLE_TESTABILITY = YES;
				ENABLE_USER_SCRIPT_SANDBOXING = YES;
				GCC_C_LANGUAGE_STANDARD = gnu17;
				GCC_DYNAMIC_NO_PIC = NO;
				GCC_NO_COMMON_BLOCKS = YES;
				GCC_OPTIMIZATION_LEVEL = 0;
				GCC_PREPROCESSOR_DEFINITIONS = (
					"DEBUG=1",
					"$(inherited)",
				);
				GCC_WARN_64_TO_32_BIT_CONVERSION = YES;
				GCC_WARN_ABOUT_RETURN_TYPE = YES_ERROR;
				GCC_WARN_UNDECLARED_SELECTOR = YES;
				GCC_WARN_UNINITIALIZED_AUTOS = YES_AGGRESSIVE;
				GCC_WARN_UNUSED_FUNCTION = YES;
				GCC_WARN_UNUSED_VARIABLE = YES;
				IPHONEOS_DEPLOYMENT_TARGET = 17.4;
				LOCALIZATION_PREFERS_STRING_CATALOGS = YES;
				MTL_ENABLE_DEBUG_INFO = INCLUDE_SOURCE;
				MTL_FAST_MATH = YES;
				ONLY_ACTIVE_ARCH = YES;
				SDKROOT = iphoneos;
				SWIFT_ACTIVE_COMPILATION_CONDITIONS = "DEBUG $(inherited)";
				SWIFT_OPTIMIZATION_LEVEL = "-Onone";
			};
			name = Debug;
		};
		99DE58602CBD3113003A615B /* Release */ = {
			isa = XCBuildConfiguration;
			buildSettings = {
				ALWAYS_SEARCH_USER_PATHS = NO;
				ASSETCATALOG_COMPILER_GENERATE_SWIFT_ASSET_SYMBOL_EXTENSIONS = YES;
				CLANG_ANALYZER_NONNULL = YES;
				CLANG_ANALYZER_NUMBER_OBJECT_CONVERSION = YES_AGGRESSIVE;
				CLANG_CXX_LANGUAGE_STANDARD = "gnu++20";
				CLANG_ENABLE_MODULES = YES;
				CLANG_ENABLE_OBJC_ARC = YES;
				CLANG_ENABLE_OBJC_WEAK = YES;
				CLANG_WARN_BLOCK_CAPTURE_AUTORELEASING = YES;
				CLANG_WARN_BOOL_CONVERSION = YES;
				CLANG_WARN_COMMA = YES;
				CLANG_WARN_CONSTANT_CONVERSION = YES;
				CLANG_WARN_DEPRECATED_OBJC_IMPLEMENTATIONS = YES;
				CLANG_WARN_DIRECT_OBJC_ISA_USAGE = YES_ERROR;
				CLANG_WARN_DOCUMENTATION_COMMENTS = YES;
				CLANG_WARN_EMPTY_BODY = YES;
				CLANG_WARN_ENUM_CONVERSION = YES;
				CLANG_WARN_INFINITE_RECURSION = YES;
				CLANG_WARN_INT_CONVERSION = YES;
				CLANG_WARN_NON_LITERAL_NULL_CONVERSION = YES;
				CLANG_WARN_OBJC_IMPLICIT_RETAIN_SELF = YES;
				CLANG_WARN_OBJC_LITERAL_CONVERSION = YES;
				CLANG_WARN_OBJC_ROOT_CLASS = YES_ERROR;
				CLANG_WARN_QUOTED_INCLUDE_IN_FRAMEWORK_HEADER = YES;
				CLANG_WARN_RANGE_LOOP_ANALYSIS = YES;
				CLANG_WARN_STRICT_PROTOTYPES = YES;
				CLANG_WARN_SUSPICIOUS_MOVE = YES;
				CLANG_WARN_UNGUARDED_AVAILABILITY = YES_AGGRESSIVE;
				CLANG_WARN_UNREACHABLE_CODE = YES;
				CLANG_WARN__DUPLICATE_METHOD_MATCH = YES;
				COPY_PHASE_STRIP = NO;
				DEBUG_INFORMATION_FORMAT = "dwarf-with-dsym";
				ENABLE_NS_ASSERTIONS = NO;
				ENABLE_STRICT_OBJC_MSGSEND = YES;
				ENABLE_USER_SCRIPT_SANDBOXING = YES;
				GCC_C_LANGUAGE_STANDARD = gnu17;
				GCC_NO_COMMON_BLOCKS = YES;
				GCC_WARN_64_TO_32_BIT_CONVERSION = YES;
				GCC_WARN_ABOUT_RETURN_TYPE = YES_ERROR;
				GCC_WARN_UNDECLARED_SELECTOR = YES;
				GCC_WARN_UNINITIALIZED_AUTOS = YES_AGGRESSIVE;
				GCC_WARN_UNUSED_FUNCTION = YES;
				GCC_WARN_UNUSED_VARIABLE = YES;
				IPHONEOS_DEPLOYMENT_TARGET = 17.4;
				LOCALIZATION_PREFERS_STRING_CATALOGS = YES;
				MTL_ENABLE_DEBUG_INFO = NO;
				MTL_FAST_MATH = YES;
				SDKROOT = iphoneos;
				SWIFT_COMPILATION_MODE = wholemodule;
				VALIDATE_PRODUCT = YES;
			};
			name = Release;
		};
		99DE58622CBD3113003A615B /* Debug */ = {
			isa = XCBuildConfiguration;
			buildSettings = {
				ASSETCATALOG_COMPILER_APPICON_NAME = AppIcon;
				ASSETCATALOG_COMPILER_GLOBAL_ACCENT_COLOR_NAME = AccentColor;
				CODE_SIGN_STYLE = Automatic;
				CURRENT_PROJECT_VERSION = 1;
				DEVELOPMENT_ASSET_PATHS = "\"RunClub/Preview Content\"";
				DEVELOPMENT_TEAM = HRF24T6BK3;
				ENABLE_PREVIEWS = YES;
				GENERATE_INFOPLIST_FILE = YES;
				INFOPLIST_KEY_UIApplicationSceneManifest_Generation = YES;
				INFOPLIST_KEY_UIApplicationSupportsIndirectInputEvents = YES;
				INFOPLIST_KEY_UILaunchScreen_Generation = YES;
				INFOPLIST_KEY_UISupportedInterfaceOrientations_iPad = "UIInterfaceOrientationPortrait UIInterfaceOrientationPortraitUpsideDown UIInterfaceOrientationLandscapeLeft UIInterfaceOrientationLandscapeRight";
				INFOPLIST_KEY_UISupportedInterfaceOrientations_iPhone = "UIInterfaceOrientationPortrait UIInterfaceOrientationLandscapeLeft UIInterfaceOrientationLandscapeRight";
				LD_RUNPATH_SEARCH_PATHS = (
					"$(inherited)",
					"@executable_path/Frameworks",
				);
				MARKETING_VERSION = 1.0;
				PRODUCT_BUNDLE_IDENTIFIER = com.rhianna.RunClub;
				PRODUCT_NAME = "$(TARGET_NAME)";
				SWIFT_EMIT_LOC_STRINGS = YES;
				SWIFT_VERSION = 5.0;
				TARGETED_DEVICE_FAMILY = "1,2";
			};
			name = Debug;
		};
		99DE58632CBD3113003A615B /* Release */ = {
			isa = XCBuildConfiguration;
			buildSettings = {
				ASSETCATALOG_COMPILER_APPICON_NAME = AppIcon;
				ASSETCATALOG_COMPILER_GLOBAL_ACCENT_COLOR_NAME = AccentColor;
				CODE_SIGN_STYLE = Automatic;
				CURRENT_PROJECT_VERSION = 1;
				DEVELOPMENT_ASSET_PATHS = "\"RunClub/Preview Content\"";
				DEVELOPMENT_TEAM = HRF24T6BK3;
				ENABLE_PREVIEWS = YES;
				GENERATE_INFOPLIST_FILE = YES;
				INFOPLIST_KEY_UIApplicationSceneManifest_Generation = YES;
				INFOPLIST_KEY_UIApplicationSupportsIndirectInputEvents = YES;
				INFOPLIST_KEY_UILaunchScreen_Generation = YES;
				INFOPLIST_KEY_UISupportedInterfaceOrientations_iPad = "UIInterfaceOrientationPortrait UIInterfaceOrientationPortraitUpsideDown UIInterfaceOrientationLandscapeLeft UIInterfaceOrientationLandscapeRight";
				INFOPLIST_KEY_UISupportedInterfaceOrientations_iPhone = "UIInterfaceOrientationPortrait UIInterfaceOrientationLandscapeLeft UIInterfaceOrientationLandscapeRight";
				LD_RUNPATH_SEARCH_PATHS = (
					"$(inherited)",
					"@executable_path/Frameworks",
				);
				MARKETING_VERSION = 1.0;
				PRODUCT_BUNDLE_IDENTIFIER = com.rhianna.RunClub;
				PRODUCT_NAME = "$(TARGET_NAME)";
				SWIFT_EMIT_LOC_STRINGS = YES;
				SWIFT_VERSION = 5.0;
				TARGETED_DEVICE_FAMILY = "1,2";
			};
			name = Release;
		};
		99DE58652CBD3113003A615B /* Debug */ = {
			isa = XCBuildConfiguration;
			buildSettings = {
				ALWAYS_EMBED_SWIFT_STANDARD_LIBRARIES = YES;
				BUNDLE_LOADER = "$(TEST_HOST)";
				CODE_SIGN_STYLE = Automatic;
				CURRENT_PROJECT_VERSION = 1;
				DEVELOPMENT_TEAM = HRF24T6BK3;
				GENERATE_INFOPLIST_FILE = YES;
				IPHONEOS_DEPLOYMENT_TARGET = 17.4;
				MARKETING_VERSION = 1.0;
				PRODUCT_BUNDLE_IDENTIFIER = com.rhianna.RunClubTests;
				PRODUCT_NAME = "$(TARGET_NAME)";
				SWIFT_EMIT_LOC_STRINGS = NO;
				SWIFT_VERSION = 5.0;
				TARGETED_DEVICE_FAMILY = "1,2";
				TEST_HOST = "$(BUILT_PRODUCTS_DIR)/RunClub.app/$(BUNDLE_EXECUTABLE_FOLDER_PATH)/RunClub";
			};
			name = Debug;
		};
		99DE58662CBD3113003A615B /* Release */ = {
			isa = XCBuildConfiguration;
			buildSettings = {
				ALWAYS_EMBED_SWIFT_STANDARD_LIBRARIES = YES;
				BUNDLE_LOADER = "$(TEST_HOST)";
				CODE_SIGN_STYLE = Automatic;
				CURRENT_PROJECT_VERSION = 1;
				DEVELOPMENT_TEAM = HRF24T6BK3;
				GENERATE_INFOPLIST_FILE = YES;
				IPHONEOS_DEPLOYMENT_TARGET = 17.4;
				MARKETING_VERSION = 1.0;
				PRODUCT_BUNDLE_IDENTIFIER = com.rhianna.RunClubTests;
				PRODUCT_NAME = "$(TARGET_NAME)";
				SWIFT_EMIT_LOC_STRINGS = NO;
				SWIFT_VERSION = 5.0;
				TARGETED_DEVICE_FAMILY = "1,2";
				TEST_HOST = "$(BUILT_PRODUCTS_DIR)/RunClub.app/$(BUNDLE_EXECUTABLE_FOLDER_PATH)/RunClub";
			};
			name = Release;
		};
		99DE58682CBD3113003A615B /* Debug */ = {
			isa = XCBuildConfiguration;
			buildSettings = {
				ALWAYS_EMBED_SWIFT_STANDARD_LIBRARIES = YES;
				CODE_SIGN_STYLE = Automatic;
				CURRENT_PROJECT_VERSION = 1;
				DEVELOPMENT_TEAM = HRF24T6BK3;
				GENERATE_INFOPLIST_FILE = YES;
				MARKETING_VERSION = 1.0;
				PRODUCT_BUNDLE_IDENTIFIER = com.rhianna.RunClubUITests;
				PRODUCT_NAME = "$(TARGET_NAME)";
				SWIFT_EMIT_LOC_STRINGS = NO;
				SWIFT_VERSION = 5.0;
				TARGETED_DEVICE_FAMILY = "1,2";
				TEST_TARGET_NAME = RunClub;
			};
			name = Debug;
		};
		99DE58692CBD3113003A615B /* Release */ = {
			isa = XCBuildConfiguration;
			buildSettings = {
				ALWAYS_EMBED_SWIFT_STANDARD_LIBRARIES = YES;
				CODE_SIGN_STYLE = Automatic;
				CURRENT_PROJECT_VERSION = 1;
				DEVELOPMENT_TEAM = HRF24T6BK3;
				GENERATE_INFOPLIST_FILE = YES;
				MARKETING_VERSION = 1.0;
				PRODUCT_BUNDLE_IDENTIFIER = com.rhianna.RunClubUITests;
				PRODUCT_NAME = "$(TARGET_NAME)";
				SWIFT_EMIT_LOC_STRINGS = NO;
				SWIFT_VERSION = 5.0;
				TARGETED_DEVICE_FAMILY = "1,2";
				TEST_TARGET_NAME = RunClub;
			};
			name = Release;
		};
/* End XCBuildConfiguration section */

/* Begin XCConfigurationList section */
		99DE58362CBD3111003A615B /* Build configuration list for PBXProject "RunClub" */ = {
			isa = XCConfigurationList;
			buildConfigurations = (
				99DE585F2CBD3113003A615B /* Debug */,
				99DE58602CBD3113003A615B /* Release */,
			);
			defaultConfigurationIsVisible = 0;
			defaultConfigurationName = Release;
		};
		99DE58612CBD3113003A615B /* Build configuration list for PBXNativeTarget "RunClub" */ = {
			isa = XCConfigurationList;
			buildConfigurations = (
				99DE58622CBD3113003A615B /* Debug */,
				99DE58632CBD3113003A615B /* Release */,
			);
			defaultConfigurationIsVisible = 0;
			defaultConfigurationName = Release;
		};
		99DE58642CBD3113003A615B /* Build configuration list for PBXNativeTarget "RunClubTests" */ = {
			isa = XCConfigurationList;
			buildConfigurations = (
				99DE58652CBD3113003A615B /* Debug */,
				99DE58662CBD3113003A615B /* Release */,
			);
			defaultConfigurationIsVisible = 0;
			defaultConfigurationName = Release;
		};
		99DE58672CBD3113003A615B /* Build configuration list for PBXNativeTarget "RunClubUITests" */ = {
			isa = XCConfigurationList;
			buildConfigurations = (
				99DE58682CBD3113003A615B /* Debug */,
				99DE58692CBD3113003A615B /* Release */,
			);
			defaultConfigurationIsVisible = 0;
			defaultConfigurationName = Release;
		};
/* End XCConfigurationList section */
	};
	rootObject = 99DE58332CBD3111003A615B /* Project object */;
}
